
Microsoft Visual Studio Solution File, Format Version 12.00
# Visual Studio Version 17
VisualStudioVersion = 17.4.33213.308
MinimumVisualStudioVersion = 10.0.40219.1
Project("{FAE04EC0-301F-11D3-BF4B-00C04F79EFBC}") = "modbus_cliant", "modbus_cliant\modbus_cliant.csproj", "{A4689C77-DE39-4786-9A5B-538CFE406CF8}"
EndProject
Global
	GlobalSection(SolutionConfigurationPlatforms) = preSolution
		Debug|Any CPU = Debug|Any CPU
		Release|Any CPU = Release|Any CPU
	EndGlobalSection
	GlobalSection(ProjectConfigurationPlatforms) = postSolution
		{A4689C77-DE39-4786-9A5B-538CFE406CF8}.Debug|Any CPU.ActiveCfg = Debug|Any CPU
		{A4689C77-DE39-4786-9A5B-538CFE406CF8}.Debug|Any CPU.Build.0 = Debug|Any CPU
		{A4689C77-DE39-4786-9A5B-538CFE406CF8}.Release|Any CPU.ActiveCfg = Release|Any CPU
		{A4689C77-DE39-4786-9A5B-538CFE406CF8}.Release|Any CPU.Build.0 = Release|Any CPU
	EndGlobalSection
	GlobalSection(SolutionProperties) = preSolution
		HideSolutionNode = FALSE
	EndGlobalSection
	GlobalSection(ExtensibilityGlobals) = postSolution
		SolutionGuid = {DE184D39-DFE7-4670-A38A-6CEDB3559336}
	EndGlobalSection
EndGlobal
